// !$*UTF8*$!
{
	archiveVersion = 1;
	classes = {
	};
	objectVersion = 56;
	objects = {

/* Begin PBXBuildFile section */
		B914667C2BFA99D4005E2E7B /* MetalComputeShaderExploratoriumApp.swift in Sources */ = {isa = PBXBuildFile; fileRef = B914667B2BFA99D4005E2E7B /* MetalComputeShaderExploratoriumApp.swift */; };
		B914667E2BFA99D4005E2E7B /* ContentView.swift in Sources */ = {isa = PBXBuildFile; fileRef = B914667D2BFA99D4005E2E7B /* ContentView.swift */; };
		B91466802BFA99D6005E2E7B /* Assets.xcassets in Resources */ = {isa = PBXBuildFile; fileRef = B914667F2BFA99D6005E2E7B /* Assets.xcassets */; };
		B91466832BFA99D6005E2E7B /* Preview Assets.xcassets in Resources */ = {isa = PBXBuildFile; fileRef = B91466822BFA99D6005E2E7B /* Preview Assets.xcassets */; };
		B914668A2BFA9A78005E2E7B /* SineWaveShader.metal in Sources */ = {isa = PBXBuildFile; fileRef = B91466892BFA9A78005E2E7B /* SineWaveShader.metal */; };
		B914668C2BFA9AA4005E2E7B /* MetalSineWaveGenerator.swift in Sources */ = {isa = PBXBuildFile; fileRef = B914668B2BFA9AA4005E2E7B /* MetalSineWaveGenerator.swift */; };
/* End PBXBuildFile section */

/* Begin PBXFileReference section */
		B91466782BFA99D4005E2E7B /* MetalComputeShaderExploratorium.app */ = {isa = PBXFileReference; explicitFileType = wrapper.application; includeInIndex = 0; path = MetalComputeShaderExploratorium.app; sourceTree = BUILT_PRODUCTS_DIR; };
		B914667B2BFA99D4005E2E7B /* MetalComputeShaderExploratoriumApp.swift */ = {isa = PBXFileReference; lastKnownFileType = sourcecode.swift; path = MetalComputeShaderExploratoriumApp.swift; sourceTree = "<group>"; };
		B914667D2BFA99D4005E2E7B /* ContentView.swift */ = {isa = PBXFileReference; lastKnownFileType = sourcecode.swift; path = ContentView.swift; sourceTree = "<group>"; };
		B914667F2BFA99D6005E2E7B /* Assets.xcassets */ = {isa = PBXFileReference; lastKnownFileType = folder.assetcatalog; path = Assets.xcassets; sourceTree = "<group>"; };
		B91466822BFA99D6005E2E7B /* Preview Assets.xcassets */ = {isa = PBXFileReference; lastKnownFileType = folder.assetcatalog; path = "Preview Assets.xcassets"; sourceTree = "<group>"; };
		B91466892BFA9A78005E2E7B /* SineWaveShader.metal */ = {isa = PBXFileReference; lastKnownFileType = sourcecode.metal; path = SineWaveShader.metal; sourceTree = "<group>"; };
		B914668B2BFA9AA4005E2E7B /* MetalSineWaveGenerator.swift */ = {isa = PBXFileReference; lastKnownFileType = sourcecode.swift; path = MetalSineWaveGenerator.swift; sourceTree = "<group>"; wrapsLines = 0; };
/* End PBXFileReference section */

/* Begin PBXFrameworksBuildPhase section */
		B91466752BFA99D4005E2E7B /* Frameworks */ = {
			isa = PBXFrameworksBuildPhase;
			buildActionMask = 2147483647;
			files = (
			);
			runOnlyForDeploymentPostprocessing = 0;
		};
/* End PBXFrameworksBuildPhase section */

/* Begin PBXGroup section */
		B914666F2BFA99D4005E2E7B = {
			isa = PBXGroup;
			children = (
				B914667A2BFA99D4005E2E7B /* MetalComputeShaderExploratorium */,
				B91466792BFA99D4005E2E7B /* Products */,
			);
			sourceTree = "<group>";
		};
		B91466792BFA99D4005E2E7B /* Products */ = {
			isa = PBXGroup;
			children = (
				B91466782BFA99D4005E2E7B /* MetalComputeShaderExploratorium.app */,
			);
			name = Products;
			sourceTree = "<group>";
		};
		B914667A2BFA99D4005E2E7B /* MetalComputeShaderExploratorium */ = {
			isa = PBXGroup;
			children = (
				B914667B2BFA99D4005E2E7B /* MetalComputeShaderExploratoriumApp.swift */,
				B914667D2BFA99D4005E2E7B /* ContentView.swift */,
				B91466892BFA9A78005E2E7B /* SineWaveShader.metal */,
				B914668B2BFA9AA4005E2E7B /* MetalSineWaveGenerator.swift */,
				B914667F2BFA99D6005E2E7B /* Assets.xcassets */,
				B91466812BFA99D6005E2E7B /* Preview Content */,
			);
			path = MetalComputeShaderExploratorium;
			sourceTree = "<group>";
		};
		B91466812BFA99D6005E2E7B /* Preview Content */ = {
			isa = PBXGroup;
			children = (
				B91466822BFA99D6005E2E7B /* Preview Assets.xcassets */,
			);
			path = "Preview Content";
			sourceTree = "<group>";
		};
/* End PBXGroup section */

/* Begin PBXNativeTarget section */
		B91466772BFA99D4005E2E7B /* MetalComputeShaderExploratorium */ = {
			isa = PBXNativeTarget;
			buildConfigurationList = B91466862BFA99D6005E2E7B /* Build configuration list for PBXNativeTarget "MetalComputeShaderExploratorium" */;
			buildPhases = (
				B91466742BFA99D4005E2E7B /* Sources */,
				B91466752BFA99D4005E2E7B /* Frameworks */,
				B91466762BFA99D4005E2E7B /* Resources */,
			);
			buildRules = (
			);
			dependencies = (
			);
			name = MetalComputeShaderExploratorium;
			productName = MetalComputeShaderExploratorium;
			productReference = B91466782BFA99D4005E2E7B /* MetalComputeShaderExploratorium.app */;
			productType = "com.apple.product-type.application";
		};
/* End PBXNativeTarget section */

/* Begin PBXProject section */
		B91466702BFA99D4005E2E7B /* Project object */ = {
			isa = PBXProject;
			attributes = {
				BuildIndependentTargetsInParallel = 1;
				LastSwiftUpdateCheck = 1540;
				LastUpgradeCheck = 1540;
				TargetAttributes = {
					B91466772BFA99D4005E2E7B = {
						CreatedOnToolsVersion = 15.4;
					};
				};
			};
			buildConfigurationList = B91466732BFA99D4005E2E7B /* Build configuration list for PBXProject "MetalComputeShaderExploratorium" */;
			compatibilityVersion = "Xcode 14.0";
			developmentRegion = en;
			hasScannedForEncodings = 0;
			knownRegions = (
				en,
				Base,
			);
			mainGroup = B914666F2BFA99D4005E2E7B;
			productRefGroup = B91466792BFA99D4005E2E7B /* Products */;
			projectDirPath = "";
			projectRoot = "";
			targets = (
				B91466772BFA99D4005E2E7B /* MetalComputeShaderExploratorium */,
			);
		};
/* End PBXProject section */

/* Begin PBXResourcesBuildPhase section */
		B91466762BFA99D4005E2E7B /* Resources */ = {
			isa = PBXResourcesBuildPhase;
			buildActionMask = 2147483647;
			files = (
				B91466832BFA99D6005E2E7B /* Preview Assets.xcassets in Resources */,
				B91466802BFA99D6005E2E7B /* Assets.xcassets in Resources */,
			);
			runOnlyForDeploymentPostprocessing = 0;
		};
/* End PBXResourcesBuildPhase section */

/* Begin PBXSourcesBuildPhase section */
		B91466742BFA99D4005E2E7B /* Sources */ = {
			isa = PBXSourcesBuildPhase;
			buildActionMask = 2147483647;
			files = (
				B914667E2BFA99D4005E2E7B /* ContentView.swift in Sources */,
				B914668A2BFA9A78005E2E7B /* SineWaveShader.metal in Sources */,
				B914667C2BFA99D4005E2E7B /* MetalComputeShaderExploratoriumApp.swift in Sources */,
				B914668C2BFA9AA4005E2E7B /* MetalSineWaveGenerator.swift in Sources */,
			);
			runOnlyForDeploymentPostprocessing = 0;
		};
/* End PBXSourcesBuildPhase section */

/* Begin XCBuildConfiguration section */
		B91466842BFA99D6005E2E7B /* Debug */ = {
			isa = XCBuildConfiguration;
			buildSettings = {
				ALWAYS_SEARCH_USER_PATHS = NO;
				ASSETCATALOG_COMPILER_GENERATE_SWIFT_ASSET_SYMBOL_EXTENSIONS = YES;
				CLANG_ANALYZER_NONNULL = YES;
				CLANG_ANALYZER_NUMBER_OBJECT_CONVERSION = YES_AGGRESSIVE;
				CLANG_CXX_LANGUAGE_STANDARD = "gnu++20";
				CLANG_ENABLE_MODULES = YES;
				CLANG_ENABLE_OBJC_ARC = YES;
				CLANG_ENABLE_OBJC_WEAK = YES;
				CLANG_WARN_BLOCK_CAPTURE_AUTORELEASING = YES;
				CLANG_WARN_BOOL_CONVERSION = YES;
				CLANG_WARN_COMMA = YES;
				CLANG_WARN_CONSTANT_CONVERSION = YES;
				CLANG_WARN_DEPRECATED_OBJC_IMPLEMENTATIONS = YES;
				CLANG_WARN_DIRECT_OBJC_ISA_USAGE = YES_ERROR;
				CLANG_WARN_DOCUMENTATION_COMMENTS = YES;
				CLANG_WARN_EMPTY_BODY = YES;
				CLANG_WARN_ENUM_CONVERSION = YES;
				CLANG_WARN_INFINITE_RECURSION = YES;
				CLANG_WARN_INT_CONVERSION = YES;
				CLANG_WARN_NON_LITERAL_NULL_CONVERSION = YES;
				CLANG_WARN_OBJC_IMPLICIT_RETAIN_SELF = YES;
				CLANG_WARN_OBJC_LITERAL_CONVERSION = YES;
				CLANG_WARN_OBJC_ROOT_CLASS = YES_ERROR;
				CLANG_WARN_QUOTED_INCLUDE_IN_FRAMEWORK_HEADER = YES;
				CLANG_WARN_RANGE_LOOP_ANALYSIS = YES;
				CLANG_WARN_STRICT_PROTOTYPES = YES;
				CLANG_WARN_SUSPICIOUS_MOVE = YES;
				CLANG_WARN_UNGUARDED_AVAILABILITY = YES_AGGRESSIVE;
				CLANG_WARN_UNREACHABLE_CODE = YES;
				CLANG_WARN__DUPLICATE_METHOD_MATCH = YES;
				COPY_PHASE_STRIP = NO;
				DEBUG_INFORMATION_FORMAT = dwarf;
				ENABLE_STRICT_OBJC_MSGSEND = YES;
				ENABLE_TESTABILITY = YES;
				ENABLE_USER_SCRIPT_SANDBOXING = YES;
				GCC_C_LANGUAGE_STANDARD = gnu17;
				GCC_DYNAMIC_NO_PIC = NO;
				GCC_NO_COMMON_BLOCKS = YES;
				GCC_OPTIMIZATION_LEVEL = 0;
				GCC_PREPROCESSOR_DEFINITIONS = (
					"DEBUG=1",
					"$(inherited)",
				);
				GCC_WARN_64_TO_32_BIT_CONVERSION = YES;
				GCC_WARN_ABOUT_RETURN_TYPE = YES_ERROR;
				GCC_WARN_UNDECLARED_SELECTOR = YES;
				GCC_WARN_UNINITIALIZED_AUTOS = YES_AGGRESSIVE;
				GCC_WARN_UNUSED_FUNCTION = YES;
				GCC_WARN_UNUSED_VARIABLE = YES;
				IPHONEOS_DEPLOYMENT_TARGET = 17.5;
				LOCALIZATION_PREFERS_STRING_CATALOGS = YES;
				MTL_ENABLE_DEBUG_INFO = INCLUDE_SOURCE;
				MTL_FAST_MATH = YES;
				ONLY_ACTIVE_ARCH = YES;
				SDKROOT = iphoneos;
				SWIFT_ACTIVE_COMPILATION_CONDITIONS = "DEBUG $(inherited)";
				SWIFT_OPTIMIZATION_LEVEL = "-Onone";
			};
			name = Debug;
		};
		B91466852BFA99D6005E2E7B /* Release */ = {
			isa = XCBuildConfiguration;
			buildSettings = {
				ALWAYS_SEARCH_USER_PATHS = NO;
				ASSETCATALOG_COMPILER_GENERATE_SWIFT_ASSET_SYMBOL_EXTENSIONS = YES;
				CLANG_ANALYZER_NONNULL = YES;
				CLANG_ANALYZER_NUMBER_OBJECT_CONVERSION = YES_AGGRESSIVE;
				CLANG_CXX_LANGUAGE_STANDARD = "gnu++20";
				CLANG_ENABLE_MODULES = YES;
				CLANG_ENABLE_OBJC_ARC = YES;
				CLANG_ENABLE_OBJC_WEAK = YES;
				CLANG_WARN_BLOCK_CAPTURE_AUTORELEASING = YES;
				CLANG_WARN_BOOL_CONVERSION = YES;
				CLANG_WARN_COMMA = YES;
				CLANG_WARN_CONSTANT_CONVERSION = YES;
				CLANG_WARN_DEPRECATED_OBJC_IMPLEMENTATIONS = YES;
				CLANG_WARN_DIRECT_OBJC_ISA_USAGE = YES_ERROR;
				CLANG_WARN_DOCUMENTATION_COMMENTS = YES;
				CLANG_WARN_EMPTY_BODY = YES;
				CLANG_WARN_ENUM_CONVERSION = YES;
				CLANG_WARN_INFINITE_RECURSION = YES;
				CLANG_WARN_INT_CONVERSION = YES;
				CLANG_WARN_NON_LITERAL_NULL_CONVERSION = YES;
				CLANG_WARN_OBJC_IMPLICIT_RETAIN_SELF = YES;
				CLANG_WARN_OBJC_LITERAL_CONVERSION = YES;
				CLANG_WARN_OBJC_ROOT_CLASS = YES_ERROR;
				CLANG_WARN_QUOTED_INCLUDE_IN_FRAMEWORK_HEADER = YES;
				CLANG_WARN_RANGE_LOOP_ANALYSIS = YES;
				CLANG_WARN_STRICT_PROTOTYPES = YES;
				CLANG_WARN_SUSPICIOUS_MOVE = YES;
				CLANG_WARN_UNGUARDED_AVAILABILITY = YES_AGGRESSIVE;
				CLANG_WARN_UNREACHABLE_CODE = YES;
				CLANG_WARN__DUPLICATE_METHOD_MATCH = YES;
				COPY_PHASE_STRIP = NO;
				DEBUG_INFORMATION_FORMAT = "dwarf-with-dsym";
				ENABLE_NS_ASSERTIONS = NO;
				ENABLE_STRICT_OBJC_MSGSEND = YES;
				ENABLE_USER_SCRIPT_SANDBOXING = YES;
				GCC_C_LANGUAGE_STANDARD = gnu17;
				GCC_NO_COMMON_BLOCKS = YES;
				GCC_WARN_64_TO_32_BIT_CONVERSION = YES;
				GCC_WARN_ABOUT_RETURN_TYPE = YES_ERROR;
				GCC_WARN_UNDECLARED_SELECTOR = YES;
				GCC_WARN_UNINITIALIZED_AUTOS = YES_AGGRESSIVE;
				GCC_WARN_UNUSED_FUNCTION = YES;
				GCC_WARN_UNUSED_VARIABLE = YES;
				IPHONEOS_DEPLOYMENT_TARGET = 17.5;
				LOCALIZATION_PREFERS_STRING_CATALOGS = YES;
				MTL_ENABLE_DEBUG_INFO = NO;
				MTL_FAST_MATH = YES;
				SDKROOT = iphoneos;
				SWIFT_COMPILATION_MODE = wholemodule;
				VALIDATE_PRODUCT = YES;
			};
			name = Release;
		};
		B91466872BFA99D6005E2E7B /* Debug */ = {
			isa = XCBuildConfiguration;
			buildSettings = {
				ASSETCATALOG_COMPILER_APPICON_NAME = AppIcon;
				ASSETCATALOG_COMPILER_GLOBAL_ACCENT_COLOR_NAME = AccentColor;
				CODE_SIGN_STYLE = Automatic;
				CURRENT_PROJECT_VERSION = 1;
				DEVELOPMENT_ASSET_PATHS = "\"MetalComputeShaderExploratorium/Preview Content\"";
				DEVELOPMENT_TEAM = N9987K9442;
				ENABLE_PREVIEWS = YES;
				GENERATE_INFOPLIST_FILE = YES;
				INFOPLIST_KEY_UIApplicationSceneManifest_Generation = YES;
				INFOPLIST_KEY_UIApplicationSupportsIndirectInputEvents = YES;
				INFOPLIST_KEY_UILaunchScreen_Generation = YES;
				INFOPLIST_KEY_UISupportedInterfaceOrientations_iPad = "UIInterfaceOrientationPortrait UIInterfaceOrientationPortraitUpsideDown UIInterfaceOrientationLandscapeLeft UIInterfaceOrientationLandscapeRight";
				INFOPLIST_KEY_UISupportedInterfaceOrientations_iPhone = "UIInterfaceOrientationPortrait UIInterfaceOrientationLandscapeLeft UIInterfaceOrientationLandscapeRight";
				LD_RUNPATH_SEARCH_PATHS = (
					"$(inherited)",
					"@executable_path/Frameworks",
				);
				MARKETING_VERSION = 1.0;
				PRODUCT_BUNDLE_IDENTIFIER = com.blogspot.demonicactivity.bush.alan.james.ToneBarrier.MetalComputeShaderExploratorium;
				PRODUCT_NAME = "$(TARGET_NAME)";
				SWIFT_EMIT_LOC_STRINGS = YES;
				SWIFT_VERSION = 5.0;
				TARGETED_DEVICE_FAMILY = "1,2";
			};
			name = Debug;
		};
		B91466882BFA99D6005E2E7B /* Release */ = {
			isa = XCBuildConfiguration;
			buildSettings = {
				ASSETCATALOG_COMPILER_APPICON_NAME = AppIcon;
				ASSETCATALOG_COMPILER_GLOBAL_ACCENT_COLOR_NAME = AccentColor;
				CODE_SIGN_STYLE = Automatic;
				CURRENT_PROJECT_VERSION = 1;
				DEVELOPMENT_ASSET_PATHS = "\"MetalComputeShaderExploratorium/Preview Content\"";
				DEVELOPMENT_TEAM = N9987K9442;
				ENABLE_PREVIEWS = YES;
				GENERATE_INFOPLIST_FILE = YES;
				INFOPLIST_KEY_UIApplicationSceneManifest_Generation = YES;
				INFOPLIST_KEY_UIApplicationSupportsIndirectInputEvents = YES;
				INFOPLIST_KEY_UILaunchScreen_Generation = YES;
				INFOPLIST_KEY_UISupportedInterfaceOrientations_iPad = "UIInterfaceOrientationPortrait UIInterfaceOrientationPortraitUpsideDown UIInterfaceOrientationLandscapeLeft UIInterfaceOrientationLandscapeRight";
				INFOPLIST_KEY_UISupportedInterfaceOrientations_iPhone = "UIInterfaceOrientationPortrait UIInterfaceOrientationLandscapeLeft UIInterfaceOrientationLandscapeRight";
				LD_RUNPATH_SEARCH_PATHS = (
					"$(inherited)",
					"@executable_path/Frameworks",
				);
				MARKETING_VERSION = 1.0;
				PRODUCT_BUNDLE_IDENTIFIER = com.blogspot.demonicactivity.bush.alan.james.ToneBarrier.MetalComputeShaderExploratorium;
				PRODUCT_NAME = "$(TARGET_NAME)";
				SWIFT_EMIT_LOC_STRINGS = YES;
				SWIFT_VERSION = 5.0;
				TARGETED_DEVICE_FAMILY = "1,2";
			};
			name = Release;
		};
/* End XCBuildConfiguration section */

/* Begin XCConfigurationList section */
		B91466732BFA99D4005E2E7B /* Build configuration list for PBXProject "MetalComputeShaderExploratorium" */ = {
			isa = XCConfigurationList;
			buildConfigurations = (
				B91466842BFA99D6005E2E7B /* Debug */,
				B91466852BFA99D6005E2E7B /* Release */,
			);
			defaultConfigurationIsVisible = 0;
			defaultConfigurationName = Release;
		};
		B91466862BFA99D6005E2E7B /* Build configuration list for PBXNativeTarget "MetalComputeShaderExploratorium" */ = {
			isa = XCConfigurationList;
			buildConfigurations = (
				B91466872BFA99D6005E2E7B /* Debug */,
				B91466882BFA99D6005E2E7B /* Release */,
			);
			defaultConfigurationIsVisible = 0;
			defaultConfigurationName = Release;
		};
/* End XCConfigurationList section */
	};
	rootObject = B91466702BFA99D4005E2E7B /* Project object */;
}
